
Microsoft Visual Studio Solution File, Format Version 12.00
# Visual Studio Version 17
VisualStudioVersion = 17.1.32421.90
MinimumVisualStudioVersion = 10.0.40219.1
Project("{FAE04EC0-301F-11D3-BF4B-00C04F79EFBC}") = "DataFlowExample", "DataFlowExample\DataFlowExample.csproj", "{4D3A5032-2832-4EC5-9879-D5D2F4F86661}"
EndProject
Global
	GlobalSection(SolutionConfigurationPlatforms) = preSolution
		Debug|Any CPU = Debug|Any CPU
		Release|Any CPU = Release|Any CPU
	EndGlobalSection
	GlobalSection(ProjectConfigurationPlatforms) = postSolution
		{4D3A5032-2832-4EC5-9879-D5D2F4F86661}.Debug|Any CPU.ActiveCfg = Debug|Any CPU
		{4D3A5032-2832-4EC5-9879-D5D2F4F86661}.Debug|Any CPU.Build.0 = Debug|Any CPU
		{4D3A5032-2832-4EC5-9879-D5D2F4F86661}.Release|Any CPU.ActiveCfg = Release|Any CPU
		{4D3A5032-2832-4EC5-9879-D5D2F4F86661}.Release|Any CPU.Build.0 = Release|Any CPU
	EndGlobalSection
	GlobalSection(SolutionProperties) = preSolution
		HideSolutionNode = FALSE
	EndGlobalSection
	GlobalSection(ExtensibilityGlobals) = postSolution
		SolutionGuid = {839301F5-593C-4914-AB6F-D291D82731D5}
	EndGlobalSection
EndGlobal
